
Microsoft Visual Studio Solution File, Format Version 12.00
# Visual Studio Version 16
VisualStudioVersion = 16.0.32002.261
MinimumVisualStudioVersion = 10.0.40219.1
Project("{9A19103F-16F7-4668-BE54-9A1E7A4F7556}") = "HotelListing", "HotelListing\HotelListing.csproj", "{43A967B0-0B25-4946-B686-2254D288A84B}"
EndProject
Project("{FAE04EC0-301F-11D3-BF4B-00C04F79EFBC}") = "HotelListing.Data", "HotelListing.Data\HotelListing.Data.csproj", "{0EAEEF27-13AA-4869-8802-E5EA220B189D}"
EndProject
Project("{FAE04EC0-301F-11D3-BF4B-00C04F79EFBC}") = "HotelListing.Core", "HotelListing.Core\HotelListing.Core.csproj", "{CCAF881F-B8AF-4B10-B58A-0AA19A9D5F9F}"
EndProject
Global
	GlobalSection(SolutionConfigurationPlatforms) = preSolution
		Debug|Any CPU = Debug|Any CPU
		Release|Any CPU = Release|Any CPU
	EndGlobalSection
	GlobalSection(ProjectConfigurationPlatforms) = postSolution
		{43A967B0-0B25-4946-B686-2254D288A84B}.Debug|Any CPU.ActiveCfg = Debug|Any CPU
		{43A967B0-0B25-4946-B686-2254D288A84B}.Debug|Any CPU.Build.0 = Debug|Any CPU
		{43A967B0-0B25-4946-B686-2254D288A84B}.Release|Any CPU.ActiveCfg = Release|Any CPU
		{43A967B0-0B25-4946-B686-2254D288A84B}.Release|Any CPU.Build.0 = Release|Any CPU
		{0EAEEF27-13AA-4869-8802-E5EA220B189D}.Debug|Any CPU.ActiveCfg = Debug|Any CPU
		{0EAEEF27-13AA-4869-8802-E5EA220B189D}.Debug|Any CPU.Build.0 = Debug|Any CPU
		{0EAEEF27-13AA-4869-8802-E5EA220B189D}.Release|Any CPU.ActiveCfg = Release|Any CPU
		{0EAEEF27-13AA-4869-8802-E5EA220B189D}.Release|Any CPU.Build.0 = Release|Any CPU
		{CCAF881F-B8AF-4B10-B58A-0AA19A9D5F9F}.Debug|Any CPU.ActiveCfg = Debug|Any CPU
		{CCAF881F-B8AF-4B10-B58A-0AA19A9D5F9F}.Debug|Any CPU.Build.0 = Debug|Any CPU
		{CCAF881F-B8AF-4B10-B58A-0AA19A9D5F9F}.Release|Any CPU.ActiveCfg = Release|Any CPU
		{CCAF881F-B8AF-4B10-B58A-0AA19A9D5F9F}.Release|Any CPU.Build.0 = Release|Any CPU
	EndGlobalSection
	GlobalSection(SolutionProperties) = preSolution
		HideSolutionNode = FALSE
	EndGlobalSection
	GlobalSection(ExtensibilityGlobals) = postSolution
		SolutionGuid = {13E38C5F-7D0C-4488-8011-EAD908B9F738}
	EndGlobalSection
EndGlobal
